
Microsoft Visual Studio Solution File, Format Version 12.00
# Visual Studio Version 16
VisualStudioVersion = 16.0.30621.155
MinimumVisualStudioVersion = 10.0.40219.1
Project("{FAE04EC0-301F-11D3-BF4B-00C04F79EFBC}") = "NullableTypes", "NullableTypes\NullableTypes.csproj", "{9A32E7B5-07E4-4D36-8CE8-D22D0164299D}"
EndProject
Global
	GlobalSection(SolutionConfigurationPlatforms) = preSolution
		Debug|Any CPU = Debug|Any CPU
		Release|Any CPU = Release|Any CPU
	EndGlobalSection
	GlobalSection(ProjectConfigurationPlatforms) = postSolution
		{9A32E7B5-07E4-4D36-8CE8-D22D0164299D}.Debug|Any CPU.ActiveCfg = Debug|Any CPU
		{9A32E7B5-07E4-4D36-8CE8-D22D0164299D}.Debug|Any CPU.Build.0 = Debug|Any CPU
		{9A32E7B5-07E4-4D36-8CE8-D22D0164299D}.Release|Any CPU.ActiveCfg = Release|Any CPU
		{9A32E7B5-07E4-4D36-8CE8-D22D0164299D}.Release|Any CPU.Build.0 = Release|Any CPU
	EndGlobalSection
	GlobalSection(SolutionProperties) = preSolution
		HideSolutionNode = FALSE
	EndGlobalSection
	GlobalSection(ExtensibilityGlobals) = postSolution
		SolutionGuid = {69FD035D-0B13-4C4B-B22C-8D6DB3CAABD6}
	EndGlobalSection
EndGlobal
